
Microsoft Visual Studio Solution File, Format Version 12.00
# Visual Studio Version 16
VisualStudioVersion = 16.0.30709.132
MinimumVisualStudioVersion = 10.0.40219.1
Project("{9A19103F-16F7-4668-BE54-9A1E7A4F7556}") = "dBASE.NET", "src\dBASE.NET.csproj", "{3150CF76-5CC7-4062-BD6B-632B1058108B}"
EndProject
Project("{FAE04EC0-301F-11D3-BF4B-00C04F79EFBC}") = "dBASE.NET.Tests", "tests\dBASE.NET.Tests.csproj", "{8EBDB0B8-CAF5-4FCD-8B6E-29E75CC28D2F}"
EndProject
Project("{2150E333-8FDC-42A3-9474-1A3956D46DE8}") = "Solution Items", "Solution Items", "{7DB1D594-2143-41F6-B054-66ED797D1D5A}"
	ProjectSection(SolutionItems) = preProject
		.gitignore = .gitignore
		LICENSE = LICENSE
		README.md = README.md
	EndProjectSection
EndProject
Global
	GlobalSection(SolutionConfigurationPlatforms) = preSolution
		Debug|Any CPU = Debug|Any CPU
		Release|Any CPU = Release|Any CPU
	EndGlobalSection
	GlobalSection(ProjectConfigurationPlatforms) = postSolution
		{3150CF76-5CC7-4062-BD6B-632B1058108B}.Debug|Any CPU.ActiveCfg = Debug|Any CPU
		{3150CF76-5CC7-4062-BD6B-632B1058108B}.Debug|Any CPU.Build.0 = Debug|Any CPU
		{3150CF76-5CC7-4062-BD6B-632B1058108B}.Release|Any CPU.ActiveCfg = Release|Any CPU
		{3150CF76-5CC7-4062-BD6B-632B1058108B}.Release|Any CPU.Build.0 = Release|Any CPU
		{8EBDB0B8-CAF5-4FCD-8B6E-29E75CC28D2F}.Debug|Any CPU.ActiveCfg = Debug|Any CPU
		{8EBDB0B8-CAF5-4FCD-8B6E-29E75CC28D2F}.Debug|Any CPU.Build.0 = Debug|Any CPU
		{8EBDB0B8-CAF5-4FCD-8B6E-29E75CC28D2F}.Release|Any CPU.ActiveCfg = Release|Any CPU
		{8EBDB0B8-CAF5-4FCD-8B6E-29E75CC28D2F}.Release|Any CPU.Build.0 = Release|Any CPU
	EndGlobalSection
	GlobalSection(SolutionProperties) = preSolution
		HideSolutionNode = FALSE
	EndGlobalSection
	GlobalSection(ExtensibilityGlobals) = postSolution
		SolutionGuid = {38FA9562-DB68-4BBD-B3BC-5EBE4E269BC1}
	EndGlobalSection
EndGlobal
